
Microsoft Visual Studio Solution File, Format Version 12.00
# Visual Studio Version 16
VisualStudioVersion = 16.0.32802.440
MinimumVisualStudioVersion = 10.0.40219.1
Project("{FAE04EC0-301F-11D3-BF4B-00C04F79EFBC}") = "ContosoCrafts.WebSite", "ContosoCrafts.WebSite\ContosoCrafts.WebSite.csproj", "{F9FFBD14-26CA-40E1-82E8-4711EEAC829A}"
EndProject
Global
	GlobalSection(SolutionConfigurationPlatforms) = preSolution
		Debug|Any CPU = Debug|Any CPU
		Release|Any CPU = Release|Any CPU
	EndGlobalSection
	GlobalSection(ProjectConfigurationPlatforms) = postSolution
		{F9FFBD14-26CA-40E1-82E8-4711EEAC829A}.Debug|Any CPU.ActiveCfg = Debug|Any CPU
		{F9FFBD14-26CA-40E1-82E8-4711EEAC829A}.Debug|Any CPU.Build.0 = Debug|Any CPU
		{F9FFBD14-26CA-40E1-82E8-4711EEAC829A}.Release|Any CPU.ActiveCfg = Release|Any CPU
		{F9FFBD14-26CA-40E1-82E8-4711EEAC829A}.Release|Any CPU.Build.0 = Release|Any CPU
	EndGlobalSection
	GlobalSection(SolutionProperties) = preSolution
		HideSolutionNode = FALSE
	EndGlobalSection
	GlobalSection(ExtensibilityGlobals) = postSolution
		SolutionGuid = {71325337-1E0C-489B-A19A-11369323DD17}
	EndGlobalSection
EndGlobal
