
Microsoft Visual Studio Solution File, Format Version 12.00
# Visual Studio Version 16
VisualStudioVersion = 16.0.32802.440
MinimumVisualStudioVersion = 10.0.40219.1
Project("{FAE04EC0-301F-11D3-BF4B-00C04F79EFBC}") = "Animal Kingdom", "Animal Kingdom\Animal Kingdom.csproj", "{1619E212-5761-4736-9D86-3DEF5827137D}"
EndProject
Global
	GlobalSection(SolutionConfigurationPlatforms) = preSolution
		Debug|Any CPU = Debug|Any CPU
		Release|Any CPU = Release|Any CPU
	EndGlobalSection
	GlobalSection(ProjectConfigurationPlatforms) = postSolution
		{1619E212-5761-4736-9D86-3DEF5827137D}.Debug|Any CPU.ActiveCfg = Debug|Any CPU
		{1619E212-5761-4736-9D86-3DEF5827137D}.Debug|Any CPU.Build.0 = Debug|Any CPU
		{1619E212-5761-4736-9D86-3DEF5827137D}.Release|Any CPU.ActiveCfg = Release|Any CPU
		{1619E212-5761-4736-9D86-3DEF5827137D}.Release|Any CPU.Build.0 = Release|Any CPU
	EndGlobalSection
	GlobalSection(SolutionProperties) = preSolution
		HideSolutionNode = FALSE
	EndGlobalSection
	GlobalSection(ExtensibilityGlobals) = postSolution
		SolutionGuid = {BFBA4733-1E2F-4C3D-8374-85A84BB9DC5D}
	EndGlobalSection
EndGlobal
